{
  "nodes": {
    "nixpkgs": {
      "locked": {
        "lastModified": 1773443291,
        "narHash": "sha256-Stmn8PuqTS0elONjnme1yigK2TJqjdg6LXcgwZwqH64=",
        "owner": "NixOS",
        "repo": "nixpkgs",
        "rev": "40c50ee301a50280389c4673f021fc24e639f141",
        "type": "github"
      },
      "original": {
        "owner": "NixOS",
        "ref": "nixpkgs-25.11-darwin",
        "repo": "nixpkgs",
        "type": "github"
      }
    },
    "root": {
      "inputs": {
        "nixpkgs": "nixpkgs"
      }
    }
  },
  "root": "root",
  "version": 7
}
